
Microsoft Visual Studio Solution File, Format Version 12.00
# Visual Studio Version 17
VisualStudioVersion = 17.0.31919.166
MinimumVisualStudioVersion = 10.0.40219.1
Project("{FAE04EC0-301F-11D3-BF4B-00C04F79EFBC}") = "LogicaDePerfectos", "LogicaDePerfectos\LogicaDePerfectos.csproj", "{F32E43E3-742E-4372-BCD4-BBA3792EC3DE}"
EndProject
Project("{FAE04EC0-301F-11D3-BF4B-00C04F79EFBC}") = "VistaPerfectos", "VistaPerfectos\VistaPerfectos.csproj", "{9E5E95EB-2DA2-4900-81D8-34B1E199A2C3}"
EndProject
Global
	GlobalSection(SolutionConfigurationPlatforms) = preSolution
		Debug|Any CPU = Debug|Any CPU
		Release|Any CPU = Release|Any CPU
	EndGlobalSection
	GlobalSection(ProjectConfigurationPlatforms) = postSolution
		{F32E43E3-742E-4372-BCD4-BBA3792EC3DE}.Debug|Any CPU.ActiveCfg = Debug|Any CPU
		{F32E43E3-742E-4372-BCD4-BBA3792EC3DE}.Debug|Any CPU.Build.0 = Debug|Any CPU
		{F32E43E3-742E-4372-BCD4-BBA3792EC3DE}.Release|Any CPU.ActiveCfg = Release|Any CPU
		{F32E43E3-742E-4372-BCD4-BBA3792EC3DE}.Release|Any CPU.Build.0 = Release|Any CPU
		{9E5E95EB-2DA2-4900-81D8-34B1E199A2C3}.Debug|Any CPU.ActiveCfg = Debug|Any CPU
		{9E5E95EB-2DA2-4900-81D8-34B1E199A2C3}.Debug|Any CPU.Build.0 = Debug|Any CPU
		{9E5E95EB-2DA2-4900-81D8-34B1E199A2C3}.Release|Any CPU.ActiveCfg = Release|Any CPU
		{9E5E95EB-2DA2-4900-81D8-34B1E199A2C3}.Release|Any CPU.Build.0 = Release|Any CPU
	EndGlobalSection
	GlobalSection(SolutionProperties) = preSolution
		HideSolutionNode = FALSE
	EndGlobalSection
	GlobalSection(ExtensibilityGlobals) = postSolution
		SolutionGuid = {F622AD3E-B89B-4E2B-BC61-43DCFB0702F0}
	EndGlobalSection
EndGlobal
