
Microsoft Visual Studio Solution File, Format Version 12.00
# Visual Studio Version 17
VisualStudioVersion = 17.0.31919.166
MinimumVisualStudioVersion = 10.0.40219.1
Project("{FAE04EC0-301F-11D3-BF4B-00C04F79EFBC}") = "ConsoleApp1", "ConsoleApp1\ConsoleApp1.csproj", "{7F6F2D36-4296-4683-9BCC-AA5F7A11C451}"
EndProject
Project("{FAE04EC0-301F-11D3-BF4B-00C04F79EFBC}") = "Biblioteca", "Biblioteca\Biblioteca.csproj", "{AA6C712D-4B4A-4182-8D3A-3C7CE36C5A2D}"
EndProject
Global
	GlobalSection(SolutionConfigurationPlatforms) = preSolution
		Debug|Any CPU = Debug|Any CPU
		Release|Any CPU = Release|Any CPU
	EndGlobalSection
	GlobalSection(ProjectConfigurationPlatforms) = postSolution
		{7F6F2D36-4296-4683-9BCC-AA5F7A11C451}.Debug|Any CPU.ActiveCfg = Debug|Any CPU
		{7F6F2D36-4296-4683-9BCC-AA5F7A11C451}.Debug|Any CPU.Build.0 = Debug|Any CPU
		{7F6F2D36-4296-4683-9BCC-AA5F7A11C451}.Release|Any CPU.ActiveCfg = Release|Any CPU
		{7F6F2D36-4296-4683-9BCC-AA5F7A11C451}.Release|Any CPU.Build.0 = Release|Any CPU
		{AA6C712D-4B4A-4182-8D3A-3C7CE36C5A2D}.Debug|Any CPU.ActiveCfg = Debug|Any CPU
		{AA6C712D-4B4A-4182-8D3A-3C7CE36C5A2D}.Debug|Any CPU.Build.0 = Debug|Any CPU
		{AA6C712D-4B4A-4182-8D3A-3C7CE36C5A2D}.Release|Any CPU.ActiveCfg = Release|Any CPU
		{AA6C712D-4B4A-4182-8D3A-3C7CE36C5A2D}.Release|Any CPU.Build.0 = Release|Any CPU
	EndGlobalSection
	GlobalSection(SolutionProperties) = preSolution
		HideSolutionNode = FALSE
	EndGlobalSection
	GlobalSection(ExtensibilityGlobals) = postSolution
		SolutionGuid = {C42E9FBA-C68F-45B9-A258-FB4226E3201D}
	EndGlobalSection
EndGlobal
