
Microsoft Visual Studio Solution File, Format Version 12.00
# Visual Studio Version 17
VisualStudioVersion = 17.0.31919.166
MinimumVisualStudioVersion = 10.0.40219.1
Project("{9A19103F-16F7-4668-BE54-9A1E7A4F7556}") = "I01MaximioMinimoPromedio", "I01MximioMinimoPromedio\I01MaximioMinimoPromedio.csproj", "{1541AC59-0BFF-4261-A4CD-5FAED7943F0E}"
EndProject
Project("{9A19103F-16F7-4668-BE54-9A1E7A4F7556}") = "I02ErrorAlCubo", "I02ErrorAlCubo\I02ErrorAlCubo.csproj", "{C44F7539-79C9-4040-AF61-CEF66D9B5620}"
EndProject
Project("{9A19103F-16F7-4668-BE54-9A1E7A4F7556}") = "I03LosPrimos", "I03LosPrimos\I03LosPrimos.csproj", "{29BE4346-1432-4CAC-B01D-3C8AB0982335}"
EndProject
Project("{9A19103F-16F7-4668-BE54-9A1E7A4F7556}") = "I04UnNumeroPerfecto", "I04UnNumeroPerfecto\I04UnNumeroPerfecto.csproj", "{0712FFBE-E709-46F5-A8FE-234522D495C4}"
EndProject
Project("{9A19103F-16F7-4668-BE54-9A1E7A4F7556}") = "I05TirameUnCentro", "I05TirameUnCentro\I05TirameUnCentro.csproj", "{D44B3A0E-C5CC-49E9-A569-0E67183126D3}"
EndProject
Project("{9A19103F-16F7-4668-BE54-9A1E7A4F7556}") = "I06AñosBisiestos", "I06AñosBisiestos\I06AñosBisiestos.csproj", "{DB5A1F7A-3E93-4AAA-8EDA-2167109799C5}"
EndProject
Project("{9A19103F-16F7-4668-BE54-9A1E7A4F7556}") = "I07ReciboDeSueldo", "I07ReciboDeSueldo\I07ReciboDeSueldo.csproj", "{B0301AC2-01E3-473D-B7EA-4D224FED32C2}"
EndProject
Project("{FAE04EC0-301F-11D3-BF4B-00C04F79EFBC}") = "I08TrianguloRectangulo", "I08TrianguloRectangulo\I08TrianguloRectangulo.csproj", "{C84921AA-D7D8-4C2F-9A20-D3074C502EC6}"
EndProject
Project("{FAE04EC0-301F-11D3-BF4B-00C04F79EFBC}") = "I09TrianguloEquilatero", "I09TrianguloEquilatero\I09TrianguloEquilatero.csproj", "{B84A6AD6-592E-40ED-9562-361E987B11D7}"
EndProject
Global
	GlobalSection(SolutionConfigurationPlatforms) = preSolution
		Debug|Any CPU = Debug|Any CPU
		Release|Any CPU = Release|Any CPU
	EndGlobalSection
	GlobalSection(ProjectConfigurationPlatforms) = postSolution
		{1541AC59-0BFF-4261-A4CD-5FAED7943F0E}.Debug|Any CPU.ActiveCfg = Debug|Any CPU
		{1541AC59-0BFF-4261-A4CD-5FAED7943F0E}.Debug|Any CPU.Build.0 = Debug|Any CPU
		{1541AC59-0BFF-4261-A4CD-5FAED7943F0E}.Release|Any CPU.ActiveCfg = Release|Any CPU
		{1541AC59-0BFF-4261-A4CD-5FAED7943F0E}.Release|Any CPU.Build.0 = Release|Any CPU
		{C44F7539-79C9-4040-AF61-CEF66D9B5620}.Debug|Any CPU.ActiveCfg = Debug|Any CPU
		{C44F7539-79C9-4040-AF61-CEF66D9B5620}.Debug|Any CPU.Build.0 = Debug|Any CPU
		{C44F7539-79C9-4040-AF61-CEF66D9B5620}.Release|Any CPU.ActiveCfg = Release|Any CPU
		{C44F7539-79C9-4040-AF61-CEF66D9B5620}.Release|Any CPU.Build.0 = Release|Any CPU
		{29BE4346-1432-4CAC-B01D-3C8AB0982335}.Debug|Any CPU.ActiveCfg = Debug|Any CPU
		{29BE4346-1432-4CAC-B01D-3C8AB0982335}.Debug|Any CPU.Build.0 = Debug|Any CPU
		{29BE4346-1432-4CAC-B01D-3C8AB0982335}.Release|Any CPU.ActiveCfg = Release|Any CPU
		{29BE4346-1432-4CAC-B01D-3C8AB0982335}.Release|Any CPU.Build.0 = Release|Any CPU
		{0712FFBE-E709-46F5-A8FE-234522D495C4}.Debug|Any CPU.ActiveCfg = Debug|Any CPU
		{0712FFBE-E709-46F5-A8FE-234522D495C4}.Debug|Any CPU.Build.0 = Debug|Any CPU
		{0712FFBE-E709-46F5-A8FE-234522D495C4}.Release|Any CPU.ActiveCfg = Release|Any CPU
		{0712FFBE-E709-46F5-A8FE-234522D495C4}.Release|Any CPU.Build.0 = Release|Any CPU
		{D44B3A0E-C5CC-49E9-A569-0E67183126D3}.Debug|Any CPU.ActiveCfg = Debug|Any CPU
		{D44B3A0E-C5CC-49E9-A569-0E67183126D3}.Debug|Any CPU.Build.0 = Debug|Any CPU
		{D44B3A0E-C5CC-49E9-A569-0E67183126D3}.Release|Any CPU.ActiveCfg = Release|Any CPU
		{D44B3A0E-C5CC-49E9-A569-0E67183126D3}.Release|Any CPU.Build.0 = Release|Any CPU
		{DB5A1F7A-3E93-4AAA-8EDA-2167109799C5}.Debug|Any CPU.ActiveCfg = Debug|Any CPU
		{DB5A1F7A-3E93-4AAA-8EDA-2167109799C5}.Debug|Any CPU.Build.0 = Debug|Any CPU
		{DB5A1F7A-3E93-4AAA-8EDA-2167109799C5}.Release|Any CPU.ActiveCfg = Release|Any CPU
		{DB5A1F7A-3E93-4AAA-8EDA-2167109799C5}.Release|Any CPU.Build.0 = Release|Any CPU
		{B0301AC2-01E3-473D-B7EA-4D224FED32C2}.Debug|Any CPU.ActiveCfg = Debug|Any CPU
		{B0301AC2-01E3-473D-B7EA-4D224FED32C2}.Debug|Any CPU.Build.0 = Debug|Any CPU
		{B0301AC2-01E3-473D-B7EA-4D224FED32C2}.Release|Any CPU.ActiveCfg = Release|Any CPU
		{B0301AC2-01E3-473D-B7EA-4D224FED32C2}.Release|Any CPU.Build.0 = Release|Any CPU
		{C84921AA-D7D8-4C2F-9A20-D3074C502EC6}.Debug|Any CPU.ActiveCfg = Debug|Any CPU
		{C84921AA-D7D8-4C2F-9A20-D3074C502EC6}.Debug|Any CPU.Build.0 = Debug|Any CPU
		{C84921AA-D7D8-4C2F-9A20-D3074C502EC6}.Release|Any CPU.ActiveCfg = Release|Any CPU
		{C84921AA-D7D8-4C2F-9A20-D3074C502EC6}.Release|Any CPU.Build.0 = Release|Any CPU
		{B84A6AD6-592E-40ED-9562-361E987B11D7}.Debug|Any CPU.ActiveCfg = Debug|Any CPU
		{B84A6AD6-592E-40ED-9562-361E987B11D7}.Debug|Any CPU.Build.0 = Debug|Any CPU
		{B84A6AD6-592E-40ED-9562-361E987B11D7}.Release|Any CPU.ActiveCfg = Release|Any CPU
		{B84A6AD6-592E-40ED-9562-361E987B11D7}.Release|Any CPU.Build.0 = Release|Any CPU
	EndGlobalSection
	GlobalSection(SolutionProperties) = preSolution
		HideSolutionNode = FALSE
	EndGlobalSection
	GlobalSection(ExtensibilityGlobals) = postSolution
		SolutionGuid = {2DEE03E4-FFB6-43F7-B414-998D78FB666D}
	EndGlobalSection
EndGlobal
