
Microsoft Visual Studio Solution File, Format Version 12.00
# Visual Studio Version 17
VisualStudioVersion = 17.0.31919.166
MinimumVisualStudioVersion = 10.0.40219.1
Project("{FAE04EC0-301F-11D3-BF4B-00C04F79EFBC}") = "ConsolaArea", "ConsolaArea\ConsolaArea.csproj", "{4ED604CA-43DC-4ED0-BDAB-EEF3B87D9D5D}"
EndProject
Project("{FAE04EC0-301F-11D3-BF4B-00C04F79EFBC}") = "LogicaArea", "LogicaArea\LogicaArea.csproj", "{18C42FFF-A3BC-4860-ACC9-D2C89C5E3BE2}"
EndProject
Global
	GlobalSection(SolutionConfigurationPlatforms) = preSolution
		Debug|Any CPU = Debug|Any CPU
		Release|Any CPU = Release|Any CPU
	EndGlobalSection
	GlobalSection(ProjectConfigurationPlatforms) = postSolution
		{4ED604CA-43DC-4ED0-BDAB-EEF3B87D9D5D}.Debug|Any CPU.ActiveCfg = Debug|Any CPU
		{4ED604CA-43DC-4ED0-BDAB-EEF3B87D9D5D}.Debug|Any CPU.Build.0 = Debug|Any CPU
		{4ED604CA-43DC-4ED0-BDAB-EEF3B87D9D5D}.Release|Any CPU.ActiveCfg = Release|Any CPU
		{4ED604CA-43DC-4ED0-BDAB-EEF3B87D9D5D}.Release|Any CPU.Build.0 = Release|Any CPU
		{18C42FFF-A3BC-4860-ACC9-D2C89C5E3BE2}.Debug|Any CPU.ActiveCfg = Debug|Any CPU
		{18C42FFF-A3BC-4860-ACC9-D2C89C5E3BE2}.Debug|Any CPU.Build.0 = Debug|Any CPU
		{18C42FFF-A3BC-4860-ACC9-D2C89C5E3BE2}.Release|Any CPU.ActiveCfg = Release|Any CPU
		{18C42FFF-A3BC-4860-ACC9-D2C89C5E3BE2}.Release|Any CPU.Build.0 = Release|Any CPU
	EndGlobalSection
	GlobalSection(SolutionProperties) = preSolution
		HideSolutionNode = FALSE
	EndGlobalSection
	GlobalSection(ExtensibilityGlobals) = postSolution
		SolutionGuid = {5647BFEE-A173-4BD8-B9A4-ECABE5AEC5A0}
	EndGlobalSection
EndGlobal
