
Microsoft Visual Studio Solution File, Format Version 12.00
# Visual Studio Version 17
VisualStudioVersion = 17.0.31919.166
MinimumVisualStudioVersion = 10.0.40219.1
Project("{FAE04EC0-301F-11D3-BF4B-00C04F79EFBC}") = "ConsolaFactorial", "ConsolaFactorial\ConsolaFactorial.csproj", "{CE73F554-8293-4539-B207-22B3E7FF17C0}"
EndProject
Project("{FAE04EC0-301F-11D3-BF4B-00C04F79EFBC}") = "LogicaFactorial", "LogicaFactorial\LogicaFactorial.csproj", "{089D5BE1-EE0A-4ACE-AFE5-48AD73253A98}"
EndProject
Global
	GlobalSection(SolutionConfigurationPlatforms) = preSolution
		Debug|Any CPU = Debug|Any CPU
		Release|Any CPU = Release|Any CPU
	EndGlobalSection
	GlobalSection(ProjectConfigurationPlatforms) = postSolution
		{CE73F554-8293-4539-B207-22B3E7FF17C0}.Debug|Any CPU.ActiveCfg = Debug|Any CPU
		{CE73F554-8293-4539-B207-22B3E7FF17C0}.Debug|Any CPU.Build.0 = Debug|Any CPU
		{CE73F554-8293-4539-B207-22B3E7FF17C0}.Release|Any CPU.ActiveCfg = Release|Any CPU
		{CE73F554-8293-4539-B207-22B3E7FF17C0}.Release|Any CPU.Build.0 = Release|Any CPU
		{089D5BE1-EE0A-4ACE-AFE5-48AD73253A98}.Debug|Any CPU.ActiveCfg = Debug|Any CPU
		{089D5BE1-EE0A-4ACE-AFE5-48AD73253A98}.Debug|Any CPU.Build.0 = Debug|Any CPU
		{089D5BE1-EE0A-4ACE-AFE5-48AD73253A98}.Release|Any CPU.ActiveCfg = Release|Any CPU
		{089D5BE1-EE0A-4ACE-AFE5-48AD73253A98}.Release|Any CPU.Build.0 = Release|Any CPU
	EndGlobalSection
	GlobalSection(SolutionProperties) = preSolution
		HideSolutionNode = FALSE
	EndGlobalSection
	GlobalSection(ExtensibilityGlobals) = postSolution
		SolutionGuid = {8CEC3E98-DC50-46F8-A1D9-DE4AC331F0D6}
	EndGlobalSection
EndGlobal
