
Microsoft Visual Studio Solution File, Format Version 12.00
# Visual Studio Version 17
VisualStudioVersion = 17.0.31919.166
MinimumVisualStudioVersion = 10.0.40219.1
Project("{FAE04EC0-301F-11D3-BF4B-00C04F79EFBC}") = "LogicaRecibos", "LogicaRecibos\LogicaRecibos.csproj", "{9D36A877-7DDB-4ADF-9534-EB90AA75214D}"
EndProject
Project("{FAE04EC0-301F-11D3-BF4B-00C04F79EFBC}") = "VistaRecibos", "VistaRecibos\VistaRecibos.csproj", "{66E65F75-D2B5-474D-9B41-0F3C49AAB156}"
EndProject
Global
	GlobalSection(SolutionConfigurationPlatforms) = preSolution
		Debug|Any CPU = Debug|Any CPU
		Release|Any CPU = Release|Any CPU
	EndGlobalSection
	GlobalSection(ProjectConfigurationPlatforms) = postSolution
		{9D36A877-7DDB-4ADF-9534-EB90AA75214D}.Debug|Any CPU.ActiveCfg = Debug|Any CPU
		{9D36A877-7DDB-4ADF-9534-EB90AA75214D}.Debug|Any CPU.Build.0 = Debug|Any CPU
		{9D36A877-7DDB-4ADF-9534-EB90AA75214D}.Release|Any CPU.ActiveCfg = Release|Any CPU
		{9D36A877-7DDB-4ADF-9534-EB90AA75214D}.Release|Any CPU.Build.0 = Release|Any CPU
		{66E65F75-D2B5-474D-9B41-0F3C49AAB156}.Debug|Any CPU.ActiveCfg = Debug|Any CPU
		{66E65F75-D2B5-474D-9B41-0F3C49AAB156}.Debug|Any CPU.Build.0 = Debug|Any CPU
		{66E65F75-D2B5-474D-9B41-0F3C49AAB156}.Release|Any CPU.ActiveCfg = Release|Any CPU
		{66E65F75-D2B5-474D-9B41-0F3C49AAB156}.Release|Any CPU.Build.0 = Release|Any CPU
	EndGlobalSection
	GlobalSection(SolutionProperties) = preSolution
		HideSolutionNode = FALSE
	EndGlobalSection
	GlobalSection(ExtensibilityGlobals) = postSolution
		SolutionGuid = {4BA70EE6-5DBB-40CE-9133-0BBEA5F0A0E8}
	EndGlobalSection
EndGlobal
