
Microsoft Visual Studio Solution File, Format Version 12.00
# Visual Studio Version 17
VisualStudioVersion = 17.0.31919.166
MinimumVisualStudioVersion = 10.0.40219.1
Project("{FAE04EC0-301F-11D3-BF4B-00C04F79EFBC}") = "LogicaDeCentros", "LogicaDeCentros\LogicaDeCentros.csproj", "{0DFEB416-223F-4FD2-9727-733C69555F89}"
EndProject
Project("{FAE04EC0-301F-11D3-BF4B-00C04F79EFBC}") = "VistaCentros", "VistaCentros\VistaCentros.csproj", "{A622C85C-F7DB-450E-9363-078DE74FE2F5}"
EndProject
Global
	GlobalSection(SolutionConfigurationPlatforms) = preSolution
		Debug|Any CPU = Debug|Any CPU
		Release|Any CPU = Release|Any CPU
	EndGlobalSection
	GlobalSection(ProjectConfigurationPlatforms) = postSolution
		{0DFEB416-223F-4FD2-9727-733C69555F89}.Debug|Any CPU.ActiveCfg = Debug|Any CPU
		{0DFEB416-223F-4FD2-9727-733C69555F89}.Debug|Any CPU.Build.0 = Debug|Any CPU
		{0DFEB416-223F-4FD2-9727-733C69555F89}.Release|Any CPU.ActiveCfg = Release|Any CPU
		{0DFEB416-223F-4FD2-9727-733C69555F89}.Release|Any CPU.Build.0 = Release|Any CPU
		{A622C85C-F7DB-450E-9363-078DE74FE2F5}.Debug|Any CPU.ActiveCfg = Debug|Any CPU
		{A622C85C-F7DB-450E-9363-078DE74FE2F5}.Debug|Any CPU.Build.0 = Debug|Any CPU
		{A622C85C-F7DB-450E-9363-078DE74FE2F5}.Release|Any CPU.ActiveCfg = Release|Any CPU
		{A622C85C-F7DB-450E-9363-078DE74FE2F5}.Release|Any CPU.Build.0 = Release|Any CPU
	EndGlobalSection
	GlobalSection(SolutionProperties) = preSolution
		HideSolutionNode = FALSE
	EndGlobalSection
	GlobalSection(ExtensibilityGlobals) = postSolution
		SolutionGuid = {A6F3FDB6-989D-448E-A37A-45447B3BA846}
	EndGlobalSection
EndGlobal
