
Microsoft Visual Studio Solution File, Format Version 12.00
# Visual Studio Version 17
VisualStudioVersion = 17.0.31919.166
MinimumVisualStudioVersion = 10.0.40219.1
Project("{FAE04EC0-301F-11D3-BF4B-00C04F79EFBC}") = "WinFormsApp1", "WinFormsApp1\WinFormsApp1.csproj", "{E9F624EE-3CE0-43E9-AAAC-20BF36137CF8}"
EndProject
Global
	GlobalSection(SolutionConfigurationPlatforms) = preSolution
		Debug|Any CPU = Debug|Any CPU
		Release|Any CPU = Release|Any CPU
	EndGlobalSection
	GlobalSection(ProjectConfigurationPlatforms) = postSolution
		{E9F624EE-3CE0-43E9-AAAC-20BF36137CF8}.Debug|Any CPU.ActiveCfg = Debug|Any CPU
		{E9F624EE-3CE0-43E9-AAAC-20BF36137CF8}.Debug|Any CPU.Build.0 = Debug|Any CPU
		{E9F624EE-3CE0-43E9-AAAC-20BF36137CF8}.Release|Any CPU.ActiveCfg = Release|Any CPU
		{E9F624EE-3CE0-43E9-AAAC-20BF36137CF8}.Release|Any CPU.Build.0 = Release|Any CPU
	EndGlobalSection
	GlobalSection(SolutionProperties) = preSolution
		HideSolutionNode = FALSE
	EndGlobalSection
	GlobalSection(ExtensibilityGlobals) = postSolution
		SolutionGuid = {307876F8-3062-45F0-A75E-45E288B1494D}
	EndGlobalSection
EndGlobal
