
Microsoft Visual Studio Solution File, Format Version 12.00
# Visual Studio Version 17
VisualStudioVersion = 17.0.31919.166
MinimumVisualStudioVersion = 10.0.40219.1
Project("{FAE04EC0-301F-11D3-BF4B-00C04F79EFBC}") = "ConsolaFechas", "ConsolaFechas\ConsolaFechas.csproj", "{1DAB09B4-7BA8-47EE-8A73-170056CE6383}"
EndProject
Project("{FAE04EC0-301F-11D3-BF4B-00C04F79EFBC}") = "LogicaDias", "LogicaDias\LogicaDias.csproj", "{F38B8F3B-2A2A-40F3-924F-AEF578E714A9}"
EndProject
Project("{9A19103F-16F7-4668-BE54-9A1E7A4F7556}") = "LogicaBisiestos", "..\EjercicioI06\LogicaBisiestos\LogicaBisiestos.csproj", "{92731CF5-7A94-413C-8D14-DAE9EE097367}"
EndProject
Global
	GlobalSection(SolutionConfigurationPlatforms) = preSolution
		Debug|Any CPU = Debug|Any CPU
		Release|Any CPU = Release|Any CPU
	EndGlobalSection
	GlobalSection(ProjectConfigurationPlatforms) = postSolution
		{1DAB09B4-7BA8-47EE-8A73-170056CE6383}.Debug|Any CPU.ActiveCfg = Debug|Any CPU
		{1DAB09B4-7BA8-47EE-8A73-170056CE6383}.Debug|Any CPU.Build.0 = Debug|Any CPU
		{1DAB09B4-7BA8-47EE-8A73-170056CE6383}.Release|Any CPU.ActiveCfg = Release|Any CPU
		{1DAB09B4-7BA8-47EE-8A73-170056CE6383}.Release|Any CPU.Build.0 = Release|Any CPU
		{F38B8F3B-2A2A-40F3-924F-AEF578E714A9}.Debug|Any CPU.ActiveCfg = Debug|Any CPU
		{F38B8F3B-2A2A-40F3-924F-AEF578E714A9}.Debug|Any CPU.Build.0 = Debug|Any CPU
		{F38B8F3B-2A2A-40F3-924F-AEF578E714A9}.Release|Any CPU.ActiveCfg = Release|Any CPU
		{F38B8F3B-2A2A-40F3-924F-AEF578E714A9}.Release|Any CPU.Build.0 = Release|Any CPU
		{92731CF5-7A94-413C-8D14-DAE9EE097367}.Debug|Any CPU.ActiveCfg = Debug|Any CPU
		{92731CF5-7A94-413C-8D14-DAE9EE097367}.Debug|Any CPU.Build.0 = Debug|Any CPU
		{92731CF5-7A94-413C-8D14-DAE9EE097367}.Release|Any CPU.ActiveCfg = Release|Any CPU
		{92731CF5-7A94-413C-8D14-DAE9EE097367}.Release|Any CPU.Build.0 = Release|Any CPU
	EndGlobalSection
	GlobalSection(SolutionProperties) = preSolution
		HideSolutionNode = FALSE
	EndGlobalSection
	GlobalSection(ExtensibilityGlobals) = postSolution
		SolutionGuid = {EC8B4680-46BD-456C-B042-8EAA880AFF11}
	EndGlobalSection
EndGlobal
