
Microsoft Visual Studio Solution File, Format Version 12.00
# Visual Studio Version 17
VisualStudioVersion = 17.1.32319.34
MinimumVisualStudioVersion = 10.0.40219.1
Project("{FAE04EC0-301F-11D3-BF4B-00C04F79EFBC}") = "Logica", "Logica\Logica.csproj", "{2A8168C9-9C06-414E-89DF-9702AB22D3EF}"
EndProject
Project("{FAE04EC0-301F-11D3-BF4B-00C04F79EFBC}") = "Consola", "Consola\Consola.csproj", "{4B35E63D-6489-4474-A4DB-3222754A5457}"
EndProject
Project("{FAE04EC0-301F-11D3-BF4B-00C04F79EFBC}") = "ConsolaVehiculos", "ConsolaVehiculos\ConsolaVehiculos.csproj", "{2320703B-9B59-4B8C-BD28-8D580DA8934F}"
EndProject
Global
	GlobalSection(SolutionConfigurationPlatforms) = preSolution
		Debug|Any CPU = Debug|Any CPU
		Release|Any CPU = Release|Any CPU
	EndGlobalSection
	GlobalSection(ProjectConfigurationPlatforms) = postSolution
		{2A8168C9-9C06-414E-89DF-9702AB22D3EF}.Debug|Any CPU.ActiveCfg = Debug|Any CPU
		{2A8168C9-9C06-414E-89DF-9702AB22D3EF}.Debug|Any CPU.Build.0 = Debug|Any CPU
		{2A8168C9-9C06-414E-89DF-9702AB22D3EF}.Release|Any CPU.ActiveCfg = Release|Any CPU
		{2A8168C9-9C06-414E-89DF-9702AB22D3EF}.Release|Any CPU.Build.0 = Release|Any CPU
		{4B35E63D-6489-4474-A4DB-3222754A5457}.Debug|Any CPU.ActiveCfg = Debug|Any CPU
		{4B35E63D-6489-4474-A4DB-3222754A5457}.Debug|Any CPU.Build.0 = Debug|Any CPU
		{4B35E63D-6489-4474-A4DB-3222754A5457}.Release|Any CPU.ActiveCfg = Release|Any CPU
		{4B35E63D-6489-4474-A4DB-3222754A5457}.Release|Any CPU.Build.0 = Release|Any CPU
		{2320703B-9B59-4B8C-BD28-8D580DA8934F}.Debug|Any CPU.ActiveCfg = Debug|Any CPU
		{2320703B-9B59-4B8C-BD28-8D580DA8934F}.Debug|Any CPU.Build.0 = Debug|Any CPU
		{2320703B-9B59-4B8C-BD28-8D580DA8934F}.Release|Any CPU.ActiveCfg = Release|Any CPU
		{2320703B-9B59-4B8C-BD28-8D580DA8934F}.Release|Any CPU.Build.0 = Release|Any CPU
	EndGlobalSection
	GlobalSection(SolutionProperties) = preSolution
		HideSolutionNode = FALSE
	EndGlobalSection
	GlobalSection(ExtensibilityGlobals) = postSolution
		SolutionGuid = {E47FE5D5-D11B-4E51-AC66-22E04EDD8723}
	EndGlobalSection
EndGlobal
