
Microsoft Visual Studio Solution File, Format Version 12.00
# Visual Studio Version 17
VisualStudioVersion = 17.0.31919.166
MinimumVisualStudioVersion = 10.0.40219.1
Project("{FAE04EC0-301F-11D3-BF4B-00C04F79EFBC}") = "LogicaDePrimos", "LogicaDePrimos\LogicaDePrimos.csproj", "{C2615001-19D5-4452-933D-A735729D706E}"
EndProject
Project("{FAE04EC0-301F-11D3-BF4B-00C04F79EFBC}") = "VistaPrimos", "VistaPrimos\VistaPrimos.csproj", "{F46D4400-B7CA-4586-B33E-150F0C67F58B}"
EndProject
Global
	GlobalSection(SolutionConfigurationPlatforms) = preSolution
		Debug|Any CPU = Debug|Any CPU
		Release|Any CPU = Release|Any CPU
	EndGlobalSection
	GlobalSection(ProjectConfigurationPlatforms) = postSolution
		{C2615001-19D5-4452-933D-A735729D706E}.Debug|Any CPU.ActiveCfg = Debug|Any CPU
		{C2615001-19D5-4452-933D-A735729D706E}.Debug|Any CPU.Build.0 = Debug|Any CPU
		{C2615001-19D5-4452-933D-A735729D706E}.Release|Any CPU.ActiveCfg = Release|Any CPU
		{C2615001-19D5-4452-933D-A735729D706E}.Release|Any CPU.Build.0 = Release|Any CPU
		{F46D4400-B7CA-4586-B33E-150F0C67F58B}.Debug|Any CPU.ActiveCfg = Debug|Any CPU
		{F46D4400-B7CA-4586-B33E-150F0C67F58B}.Debug|Any CPU.Build.0 = Debug|Any CPU
		{F46D4400-B7CA-4586-B33E-150F0C67F58B}.Release|Any CPU.ActiveCfg = Release|Any CPU
		{F46D4400-B7CA-4586-B33E-150F0C67F58B}.Release|Any CPU.Build.0 = Release|Any CPU
	EndGlobalSection
	GlobalSection(SolutionProperties) = preSolution
		HideSolutionNode = FALSE
	EndGlobalSection
	GlobalSection(ExtensibilityGlobals) = postSolution
		SolutionGuid = {26AD29AA-D4F2-48BD-B0C1-741FC2665487}
	EndGlobalSection
EndGlobal
