
Microsoft Visual Studio Solution File, Format Version 12.00
# Visual Studio Version 17
VisualStudioVersion = 17.0.31919.166
MinimumVisualStudioVersion = 10.0.40219.1
Project("{FAE04EC0-301F-11D3-BF4B-00C04F79EFBC}") = "LogicaDeCalculo", "Ejercicio01\LogicaDeCalculo.csproj", "{8C97E931-F896-4A18-996C-4856932B10C5}"
EndProject
Project("{FAE04EC0-301F-11D3-BF4B-00C04F79EFBC}") = "Vista", "Vista\Vista.csproj", "{1CAE5BCD-42C2-4EE8-941B-3DB032511C6B}"
EndProject
Global
	GlobalSection(SolutionConfigurationPlatforms) = preSolution
		Debug|Any CPU = Debug|Any CPU
		Release|Any CPU = Release|Any CPU
	EndGlobalSection
	GlobalSection(ProjectConfigurationPlatforms) = postSolution
		{8C97E931-F896-4A18-996C-4856932B10C5}.Debug|Any CPU.ActiveCfg = Debug|Any CPU
		{8C97E931-F896-4A18-996C-4856932B10C5}.Debug|Any CPU.Build.0 = Debug|Any CPU
		{8C97E931-F896-4A18-996C-4856932B10C5}.Release|Any CPU.ActiveCfg = Release|Any CPU
		{8C97E931-F896-4A18-996C-4856932B10C5}.Release|Any CPU.Build.0 = Release|Any CPU
		{1CAE5BCD-42C2-4EE8-941B-3DB032511C6B}.Debug|Any CPU.ActiveCfg = Debug|Any CPU
		{1CAE5BCD-42C2-4EE8-941B-3DB032511C6B}.Debug|Any CPU.Build.0 = Debug|Any CPU
		{1CAE5BCD-42C2-4EE8-941B-3DB032511C6B}.Release|Any CPU.ActiveCfg = Release|Any CPU
		{1CAE5BCD-42C2-4EE8-941B-3DB032511C6B}.Release|Any CPU.Build.0 = Release|Any CPU
	EndGlobalSection
	GlobalSection(SolutionProperties) = preSolution
		HideSolutionNode = FALSE
	EndGlobalSection
	GlobalSection(ExtensibilityGlobals) = postSolution
		SolutionGuid = {B61AC6AE-63D7-42B9-A411-423DA09CD276}
	EndGlobalSection
EndGlobal
